
Microsoft Visual Studio Solution File, Format Version 12.00
# Visual Studio 15
Project("{FAE04EC0-301F-11D3-BF4B-00C04F79EFBC}") = "PAP-project", "Assembly-CSharp.csproj", "{24D0C532-D5E4-2A22-081B-B0FF4D689529}"
EndProject
Project("{FAE04EC0-301F-11D3-BF4B-00C04F79EFBC}") = "PAP-project", "Assembly-CSharp-Editor.csproj", "{F8C5F25E-FEE9-4A31-F83B-146E62007C19}"
EndProject
Global
	GlobalSection(SolutionConfigurationPlatforms) = preSolution
		Debug|Any CPU = Debug|Any CPU
		Release|Any CPU = Release|Any CPU
	EndGlobalSection
	GlobalSection(ProjectConfigurationPlatforms) = postSolution
		{24D0C532-D5E4-2A22-081B-B0FF4D689529}.Debug|Any CPU.ActiveCfg = Debug|Any CPU
		{24D0C532-D5E4-2A22-081B-B0FF4D689529}.Debug|Any CPU.Build.0 = Debug|Any CPU
		{24D0C532-D5E4-2A22-081B-B0FF4D689529}.Release|Any CPU.ActiveCfg = Release|Any CPU
		{24D0C532-D5E4-2A22-081B-B0FF4D689529}.Release|Any CPU.Build.0 = Release|Any CPU
		{F8C5F25E-FEE9-4A31-F83B-146E62007C19}.Debug|Any CPU.ActiveCfg = Debug|Any CPU
		{F8C5F25E-FEE9-4A31-F83B-146E62007C19}.Debug|Any CPU.Build.0 = Debug|Any CPU
		{F8C5F25E-FEE9-4A31-F83B-146E62007C19}.Release|Any CPU.ActiveCfg = Release|Any CPU
		{F8C5F25E-FEE9-4A31-F83B-146E62007C19}.Release|Any CPU.Build.0 = Release|Any CPU
	EndGlobalSection
	GlobalSection(SolutionProperties) = preSolution
		HideSolutionNode = FALSE
	EndGlobalSection
EndGlobal
